lockfileVersion: '9.0'

settings:
  autoInstallPeers: true
  excludeLinksFromLockfile: false

importers:

  .:
    dependencies:
      '@codemirror/lang-javascript':
        specifier: ^6.2.2
        version: 6.2.2
      '@codemirror/state':
        specifier: ^6.5.2
        version: 6.5.2
      '@codemirror/view':
        specifier: ^6.36.2
        version: 6.36.2
      '@typescript/ata':
        specifier: ^0.9.7
        version: 0.9.7(typescript@5.7.3)
      '@typescript/vfs':
        specifier: ^1.6.1
        version: 1.6.1(typescript@5.7.3)
      '@valtown/codemirror-ts':
        specifier: 3.0.0-13
        version: 3.0.0-13(@codemirror/autocomplete@6.18.4)(@codemirror/lint@6.8.4)(@codemirror/state@6.5.2)(@codemirror/view@6.36.2)
      codemirror:
        specifier: ^6.0.1
        version: 6.0.1
      comlink:
        specifier: ^4.4.2
        version: 4.4.2
      p-lazy:
        specifier: ^5.0.0
        version: 5.0.0

packages:

  '@codemirror/autocomplete@6.18.4':
    resolution: {integrity: sha512-sFAphGQIqyQZfP2ZBsSHV7xQvo9Py0rV0dW7W3IMRdS+zDuNb2l3no78CvUaWKGfzFjI4FTrLdUSj86IGb2hRA==}

  '@codemirror/commands@6.8.0':
    resolution: {integrity: sha512-q8VPEFaEP4ikSlt6ZxjB3zW72+7osfAYW9i8Zu943uqbKuz6utc1+F170hyLUCUltXORjQXRyYQNfkckzA/bPQ==}

  '@codemirror/lang-javascript@6.2.2':
    resolution: {integrity: sha512-VGQfY+FCc285AhWuwjYxQyUQcYurWlxdKYT4bqwr3Twnd5wP5WSeu52t4tvvuWmljT4EmgEgZCqSieokhtY8hg==}

  '@codemirror/language@6.10.8':
    resolution: {integrity: sha512-wcP8XPPhDH2vTqf181U8MbZnW+tDyPYy0UzVOa+oHORjyT+mhhom9vBd7dApJwoDz9Nb/a8kHjJIsuA/t8vNFw==}

  '@codemirror/lint@6.8.4':
    resolution: {integrity: sha512-u4q7PnZlJUojeRe8FJa/njJcMctISGgPQ4PnWsd9268R4ZTtU+tfFYmwkBvgcrK2+QQ8tYFVALVb5fVJykKc5A==}

  '@codemirror/search@6.5.8':
    resolution: {integrity: sha512-PoWtZvo7c1XFeZWmmyaOp2G0XVbOnm+fJzvghqGAktBW3cufwJUWvSCcNG0ppXiBEM05mZu6RhMtXPv2hpllig==}

  '@codemirror/state@6.5.2':
    resolution: {integrity: sha512-FVqsPqtPWKVVL3dPSxy8wEF/ymIEuVzF1PK3VbUgrxXpJUSHQWWZz4JMToquRxnkw+36LTamCZG2iua2Ptq0fA==}

  '@codemirror/view@6.36.2':
    resolution: {integrity: sha512-DZ6ONbs8qdJK0fdN7AB82CgI6tYXf4HWk1wSVa0+9bhVznCuuvhQtX8bFBoy3dv8rZSQqUd8GvhVAcielcidrA==}

  '@lezer/common@1.2.3':
    resolution: {integrity: sha512-w7ojc8ejBqr2REPsWxJjrMFsA/ysDCFICn8zEOR9mrqzOu2amhITYuLD8ag6XZf0CFXDrhKqw7+tW8cX66NaDA==}

  '@lezer/highlight@1.2.1':
    resolution: {integrity: sha512-Z5duk4RN/3zuVO7Jq0pGLJ3qynpxUVsh7IbUbGj88+uV2ApSAn6kWg2au3iJb+0Zi7kKtqffIESgNcRXWZWmSA==}

  '@lezer/javascript@1.4.21':
    resolution: {integrity: sha512-lL+1fcuxWYPURMM/oFZLEDm0XuLN128QPV+VuGtKpeaOGdcl9F2LYC3nh1S9LkPqx9M0mndZFdXCipNAZpzIkQ==}

  '@lezer/lr@1.4.2':
    resolution: {integrity: sha512-pu0K1jCIdnQ12aWNaAVU5bzi7Bd1w54J3ECgANPmYLtQKP0HBj2cE/5coBD66MT10xbtIuUr7tg0Shbsvk0mDA==}

  '@marijn/find-cluster-break@1.0.2':
    resolution: {integrity: sha512-l0h88YhZFyKdXIFNfSWpyjStDjGHwZ/U7iobcK1cQQD8sejsONdQtTVU+1wVN1PBw40PiiHB1vA5S7VTfQiP9g==}

  '@typescript/ata@0.9.7':
    resolution: {integrity: sha512-CZx57/XGBKhYZ3ifchbERgUl9J6C7W3XC96ibM7axr7C32mG5dXTyrVAS3ZY88Jxlkvx4AZyZtDJyUuseHQkcQ==}
    peerDependencies:
      typescript: '>=4.4.4'

  '@typescript/vfs@1.6.1':
    resolution: {integrity: sha512-JwoxboBh7Oz1v38tPbkrZ62ZXNHAk9bJ7c9x0eI5zBfBnBYGhURdbnh7Z4smN/MV48Y5OCcZb58n972UtbazsA==}
    peerDependencies:
      typescript: '*'

  '@valtown/codemirror-ts@3.0.0-13':
    resolution: {integrity: sha512-YmYw0A8e1KHsMOy6KhnB4kYHLcM368G1TYf4FryjMZ1OoBQ3/LZ4+i1H/Y34yxyEO4tTiMMw0Yv/KAXvRt4rjQ==}
    peerDependencies:
      '@codemirror/autocomplete': ^6
      '@codemirror/lint': ^6
      '@codemirror/state': ^6
      '@codemirror/view': ^6

  codemirror@6.0.1:
    resolution: {integrity: sha512-J8j+nZ+CdWmIeFIGXEFbFPtpiYacFMDR8GlHK3IyHQJMCaVRfGx9NT+Hxivv1ckLWPvNdZqndbr/7lVhrf/Svg==}

  comlink@4.4.2:
    resolution: {integrity: sha512-OxGdvBmJuNKSCMO4NTl1L47VRp6xn2wG4F/2hYzB6tiCb709otOxtEYCSvK80PtjODfXXZu8ds+Nw5kVCjqd2g==}

  crelt@1.0.6:
    resolution: {integrity: sha512-VQ2MBenTq1fWZUH9DJNGti7kKv6EeAuYr3cLwxUWhIu1baTaXh4Ib5W2CqHVqib4/MqbYGJqiL3Zb8GJZr3l4g==}

  debug@4.4.0:
    resolution: {integrity: sha512-6WTZ/IxCY/T6BALoZHaE4ctp9xm+Z5kY/pzYaCHRFeyVhojxlrm+46y68HA6hr0TcwEssoxNiDEUJQjfPZ/RYA==}
    engines: {node: '>=6.0'}
    peerDependencies:
      supports-color: '*'
    peerDependenciesMeta:
      supports-color:
        optional: true

  ms@2.1.3:
    resolution: {integrity: sha512-6FlzubTLZG3J2a/NVCAleEhjzq5oxgHyaCU9yYXvcLsvoVaHJq/s5xXI6/XXP6tz7R9xAOtHnSO/tXtF3WRTlA==}

  p-lazy@5.0.0:
    resolution: {integrity: sha512-C4xW5/wLGqswBx1xgu/t7fBaHMDKm7SXycgc0MEQvQ5KwzjT1E4MmE9cg0RXn9d0MTgUGJLUCb2EkLBevXi6eA==}
    engines: {node: '>=18'}

  style-mod@4.1.2:
    resolution: {integrity: sha512-wnD1HyVqpJUI2+eKZ+eo1UwghftP6yuFheBqqe+bWCotBjC2K1YnteJILRMs3SM4V/0dLEW1SC27MWP5y+mwmw==}

  typescript@5.7.3:
    resolution: {integrity: sha512-84MVSjMEHP+FQRPy3pX9sTVV/INIex71s9TL2Gm5FG/WG1SqXeKyZ0k7/blY/4FdOzI12CBy1vGc4og/eus0fw==}
    engines: {node: '>=14.17'}
    hasBin: true

  w3c-keyname@2.2.8:
    resolution: {integrity: sha512-dpojBhNsCNN7T82Tm7k26A6G9ML3NkhDsnw9n/eoxSRlVBB4CEtIQ/KTCLI2Fwf3ataSXRhYFkQi3SlnFwPvPQ==}

snapshots:

  '@codemirror/autocomplete@6.18.4':
    dependencies:
      '@codemirror/language': 6.10.8
      '@codemirror/state': 6.5.2
      '@codemirror/view': 6.36.2
      '@lezer/common': 1.2.3

  '@codemirror/commands@6.8.0':
    dependencies:
      '@codemirror/language': 6.10.8
      '@codemirror/state': 6.5.2
      '@codemirror/view': 6.36.2
      '@lezer/common': 1.2.3

  '@codemirror/lang-javascript@6.2.2':
    dependencies:
      '@codemirror/autocomplete': 6.18.4
      '@codemirror/language': 6.10.8
      '@codemirror/lint': 6.8.4
      '@codemirror/state': 6.5.2
      '@codemirror/view': 6.36.2
      '@lezer/common': 1.2.3
      '@lezer/javascript': 1.4.21

  '@codemirror/language@6.10.8':
    dependencies:
      '@codemirror/state': 6.5.2
      '@codemirror/view': 6.36.2
      '@lezer/common': 1.2.3
      '@lezer/highlight': 1.2.1
      '@lezer/lr': 1.4.2
      style-mod: 4.1.2

  '@codemirror/lint@6.8.4':
    dependencies:
      '@codemirror/state': 6.5.2
      '@codemirror/view': 6.36.2
      crelt: 1.0.6

  '@codemirror/search@6.5.8':
    dependencies:
      '@codemirror/state': 6.5.2
      '@codemirror/view': 6.36.2
      crelt: 1.0.6

  '@codemirror/state@6.5.2':
    dependencies:
      '@marijn/find-cluster-break': 1.0.2

  '@codemirror/view@6.36.2':
    dependencies:
      '@codemirror/state': 6.5.2
      style-mod: 4.1.2
      w3c-keyname: 2.2.8

  '@lezer/common@1.2.3': {}

  '@lezer/highlight@1.2.1':
    dependencies:
      '@lezer/common': 1.2.3

  '@lezer/javascript@1.4.21':
    dependencies:
      '@lezer/common': 1.2.3
      '@lezer/highlight': 1.2.1
      '@lezer/lr': 1.4.2

  '@lezer/lr@1.4.2':
    dependencies:
      '@lezer/common': 1.2.3

  '@marijn/find-cluster-break@1.0.2': {}

  '@typescript/ata@0.9.7(typescript@5.7.3)':
    dependencies:
      typescript: 5.7.3

  '@typescript/vfs@1.6.1(typescript@5.7.3)':
    dependencies:
      debug: 4.4.0
      typescript: 5.7.3
    transitivePeerDependencies:
      - supports-color

  '@valtown/codemirror-ts@3.0.0-13(@codemirror/autocomplete@6.18.4)(@codemirror/lint@6.8.4)(@codemirror/state@6.5.2)(@codemirror/view@6.36.2)':
    dependencies:
      '@codemirror/autocomplete': 6.18.4
      '@codemirror/language': 6.10.8
      '@codemirror/lint': 6.8.4
      '@codemirror/state': 6.5.2
      '@codemirror/view': 6.36.2

  codemirror@6.0.1:
    dependencies:
      '@codemirror/autocomplete': 6.18.4
      '@codemirror/commands': 6.8.0
      '@codemirror/language': 6.10.8
      '@codemirror/lint': 6.8.4
      '@codemirror/search': 6.5.8
      '@codemirror/state': 6.5.2
      '@codemirror/view': 6.36.2

  comlink@4.4.2: {}

  crelt@1.0.6: {}

  debug@4.4.0:
    dependencies:
      ms: 2.1.3

  ms@2.1.3: {}

  p-lazy@5.0.0: {}

  style-mod@4.1.2: {}

  typescript@5.7.3: {}

  w3c-keyname@2.2.8: {}
